
Microsoft Visual Studio Solution File, Format Version 12.00
# Visual Studio 15
VisualStudioVersion = 15.0.28307.757
MinimumVisualStudioVersion = 10.0.40219.1
Project("{2150E333-8FDC-42A3-9474-1A3956D46DE8}") = "0-Presentation", "0-Presentation", "{D0E9EFED-C84A-4A54-A362-48E7BE6ACE4E}"
EndProject
Project("{2150E333-8FDC-42A3-9474-1A3956D46DE8}") = "1-Service", "1-Service", "{BCA15F4D-2957-4DB1-9FA7-9AABB4624440}"
EndProject
Project("{2150E333-8FDC-42A3-9474-1A3956D46DE8}") = "2-Application", "2-Application", "{9B3D9FD9-01FD-4260-A352-BCF6D969AB4B}"
EndProject
Project("{2150E333-8FDC-42A3-9474-1A3956D46DE8}") = "3-Domain", "3-Domain", "{8F8E7E3B-9827-4D76-B2F4-23F65DB8E77C}"
EndProject
Project("{2150E333-8FDC-42A3-9474-1A3956D46DE8}") = "4-Infrastructure", "4-Infrastructure", "{B7A6C30F-606D-4BBB-AECB-B18743E11510}"
EndProject
Project("{2150E333-8FDC-42A3-9474-1A3956D46DE8}") = "4.1--InfraData", "4.1--InfraData", "{DB8F5258-8E06-41C9-A223-42D059080084}"
EndProject
Project("{2150E333-8FDC-42A3-9474-1A3956D46DE8}") = "4.2-CrossCutting", "4.2-CrossCutting", "{1E9CEDF4-C0DB-4E18-B8E4-E117EF038E6F}"
EndProject
Project("{9A19103F-16F7-4668-BE54-9A1E7A4F7556}") = "SGFR_Web", "src\SGFR_Web\SGFR_Web.csproj", "{4E3EBD8C-95C3-4E51-BEF5-FD4538CD97EB}"
EndProject
Project("{9A19103F-16F7-4668-BE54-9A1E7A4F7556}") = "Domain", "src\Domain\Domain.csproj", "{EA531396-D5EC-4914-AE85-7C22F3509595}"
EndProject
Project("{9A19103F-16F7-4668-BE54-9A1E7A4F7556}") = "InfraData", "src\InfraData\InfraData.csproj", "{B81192CC-5762-4EEC-B0EB-B040AA0D5725}"
EndProject
Project("{9A19103F-16F7-4668-BE54-9A1E7A4F7556}") = "Application", "src\Application\Application.csproj", "{A85AF4D3-7BB9-43C0-9BF2-16402B4E4E5C}"
EndProject
Project("{FAE04EC0-301F-11D3-BF4B-00C04F79EFBC}") = "SGFR_Web_v02", "src\SGFR_Web_v02\SGFR_Web_v02.csproj", "{2C68B0B9-40BA-4FCE-9E49-412F99D1E6A7}"
EndProject
Global
	GlobalSection(SolutionConfigurationPlatforms) = preSolution
		Debug|Any CPU = Debug|Any CPU
		Release|Any CPU = Release|Any CPU
	EndGlobalSection
	GlobalSection(ProjectConfigurationPlatforms) = postSolution
		{4E3EBD8C-95C3-4E51-BEF5-FD4538CD97EB}.Debug|Any CPU.ActiveCfg = Debug|Any CPU
		{4E3EBD8C-95C3-4E51-BEF5-FD4538CD97EB}.Debug|Any CPU.Build.0 = Debug|Any CPU
		{4E3EBD8C-95C3-4E51-BEF5-FD4538CD97EB}.Release|Any CPU.ActiveCfg = Release|Any CPU
		{4E3EBD8C-95C3-4E51-BEF5-FD4538CD97EB}.Release|Any CPU.Build.0 = Release|Any CPU
		{EA531396-D5EC-4914-AE85-7C22F3509595}.Debug|Any CPU.ActiveCfg = Debug|Any CPU
		{EA531396-D5EC-4914-AE85-7C22F3509595}.Debug|Any CPU.Build.0 = Debug|Any CPU
		{EA531396-D5EC-4914-AE85-7C22F3509595}.Release|Any CPU.ActiveCfg = Release|Any CPU
		{EA531396-D5EC-4914-AE85-7C22F3509595}.Release|Any CPU.Build.0 = Release|Any CPU
		{B81192CC-5762-4EEC-B0EB-B040AA0D5725}.Debug|Any CPU.ActiveCfg = Debug|Any CPU
		{B81192CC-5762-4EEC-B0EB-B040AA0D5725}.Debug|Any CPU.Build.0 = Debug|Any CPU
		{B81192CC-5762-4EEC-B0EB-B040AA0D5725}.Release|Any CPU.ActiveCfg = Release|Any CPU
		{B81192CC-5762-4EEC-B0EB-B040AA0D5725}.Release|Any CPU.Build.0 = Release|Any CPU
		{A85AF4D3-7BB9-43C0-9BF2-16402B4E4E5C}.Debug|Any CPU.ActiveCfg = Debug|Any CPU
		{A85AF4D3-7BB9-43C0-9BF2-16402B4E4E5C}.Debug|Any CPU.Build.0 = Debug|Any CPU
		{A85AF4D3-7BB9-43C0-9BF2-16402B4E4E5C}.Release|Any CPU.ActiveCfg = Release|Any CPU
		{A85AF4D3-7BB9-43C0-9BF2-16402B4E4E5C}.Release|Any CPU.Build.0 = Release|Any CPU
		{2C68B0B9-40BA-4FCE-9E49-412F99D1E6A7}.Debug|Any CPU.ActiveCfg = Debug|Any CPU
		{2C68B0B9-40BA-4FCE-9E49-412F99D1E6A7}.Debug|Any CPU.Build.0 = Debug|Any CPU
		{2C68B0B9-40BA-4FCE-9E49-412F99D1E6A7}.Release|Any CPU.ActiveCfg = Release|Any CPU
		{2C68B0B9-40BA-4FCE-9E49-412F99D1E6A7}.Release|Any CPU.Build.0 = Release|Any CPU
	EndGlobalSection
	GlobalSection(SolutionProperties) = preSolution
		HideSolutionNode = FALSE
	EndGlobalSection
	GlobalSection(NestedProjects) = preSolution
		{DB8F5258-8E06-41C9-A223-42D059080084} = {B7A6C30F-606D-4BBB-AECB-B18743E11510}
		{1E9CEDF4-C0DB-4E18-B8E4-E117EF038E6F} = {B7A6C30F-606D-4BBB-AECB-B18743E11510}
		{4E3EBD8C-95C3-4E51-BEF5-FD4538CD97EB} = {D0E9EFED-C84A-4A54-A362-48E7BE6ACE4E}
		{EA531396-D5EC-4914-AE85-7C22F3509595} = {8F8E7E3B-9827-4D76-B2F4-23F65DB8E77C}
		{B81192CC-5762-4EEC-B0EB-B040AA0D5725} = {DB8F5258-8E06-41C9-A223-42D059080084}
		{A85AF4D3-7BB9-43C0-9BF2-16402B4E4E5C} = {9B3D9FD9-01FD-4260-A352-BCF6D969AB4B}
		{2C68B0B9-40BA-4FCE-9E49-412F99D1E6A7} = {D0E9EFED-C84A-4A54-A362-48E7BE6ACE4E}
	EndGlobalSection
	GlobalSection(ExtensibilityGlobals) = postSolution
		SolutionGuid = {5700FBF5-915B-4A5F-82D3-F0E86C23465A}
	EndGlobalSection
EndGlobal
